
Microsoft Visual Studio Solution File, Format Version 12.00
# Visual Studio Version 17
VisualStudioVersion = 17.1.32328.378
MinimumVisualStudioVersion = 10.0.40219.1
Project("{FAE04EC0-301F-11D3-BF4B-00C04F79EFBC}") = "Assignment2", "Assignment2.csproj", "{EA657F2F-36F3-49CC-B812-004DB66647C1}"
EndProject
Global
	GlobalSection(SolutionConfigurationPlatforms) = preSolution
		Debug|Any CPU = Debug|Any CPU
		Release|Any CPU = Release|Any CPU
	EndGlobalSection
	GlobalSection(ProjectConfigurationPlatforms) = postSolution
		{EA657F2F-36F3-49CC-B812-004DB66647C1}.Debug|Any CPU.ActiveCfg = Debug|Any CPU
		{EA657F2F-36F3-49CC-B812-004DB66647C1}.Debug|Any CPU.Build.0 = Debug|Any CPU
		{EA657F2F-36F3-49CC-B812-004DB66647C1}.Release|Any CPU.ActiveCfg = Release|Any CPU
		{EA657F2F-36F3-49CC-B812-004DB66647C1}.Release|Any CPU.Build.0 = Release|Any CPU
	EndGlobalSection
	GlobalSection(SolutionProperties) = preSolution
		HideSolutionNode = FALSE
	EndGlobalSection
	GlobalSection(ExtensibilityGlobals) = postSolution
		SolutionGuid = {D3E979CD-4069-40EE-A9B5-202AE177A4D6}
	EndGlobalSection
EndGlobal
