
Microsoft Visual Studio Solution File, Format Version 12.00
# Visual Studio Version 17
VisualStudioVersion = 17.1.32328.378
MinimumVisualStudioVersion = 10.0.40219.1
Project("{FAE04EC0-301F-11D3-BF4B-00C04F79EFBC}") = "Assginment1", "Assginment1.csproj", "{59399FCA-2C94-4EF2-B220-A0E74DA30899}"
EndProject
Global
	GlobalSection(SolutionConfigurationPlatforms) = preSolution
		Debug|Any CPU = Debug|Any CPU
		Release|Any CPU = Release|Any CPU
	EndGlobalSection
	GlobalSection(ProjectConfigurationPlatforms) = postSolution
		{59399FCA-2C94-4EF2-B220-A0E74DA30899}.Debug|Any CPU.ActiveCfg = Debug|Any CPU
		{59399FCA-2C94-4EF2-B220-A0E74DA30899}.Debug|Any CPU.Build.0 = Debug|Any CPU
		{59399FCA-2C94-4EF2-B220-A0E74DA30899}.Release|Any CPU.ActiveCfg = Release|Any CPU
		{59399FCA-2C94-4EF2-B220-A0E74DA30899}.Release|Any CPU.Build.0 = Release|Any CPU
	EndGlobalSection
	GlobalSection(SolutionProperties) = preSolution
		HideSolutionNode = FALSE
	EndGlobalSection
	GlobalSection(ExtensibilityGlobals) = postSolution
		SolutionGuid = {F488161D-4518-43A0-94EE-13AFC82A9C4E}
	EndGlobalSection
EndGlobal
