
Microsoft Visual Studio Solution File, Format Version 12.00
# Visual Studio Version 17
VisualStudioVersion = 17.1.32328.378
MinimumVisualStudioVersion = 10.0.40219.1
Project("{FAE04EC0-301F-11D3-BF4B-00C04F79EFBC}") = "Assignment5", "Assignment5.csproj", "{1828C150-0C76-4AB7-ACD5-58ABEE4C2B3C}"
EndProject
Global
	GlobalSection(SolutionConfigurationPlatforms) = preSolution
		Debug|Any CPU = Debug|Any CPU
		Release|Any CPU = Release|Any CPU
	EndGlobalSection
	GlobalSection(ProjectConfigurationPlatforms) = postSolution
		{1828C150-0C76-4AB7-ACD5-58ABEE4C2B3C}.Debug|Any CPU.ActiveCfg = Debug|Any CPU
		{1828C150-0C76-4AB7-ACD5-58ABEE4C2B3C}.Debug|Any CPU.Build.0 = Debug|Any CPU
		{1828C150-0C76-4AB7-ACD5-58ABEE4C2B3C}.Release|Any CPU.ActiveCfg = Release|Any CPU
		{1828C150-0C76-4AB7-ACD5-58ABEE4C2B3C}.Release|Any CPU.Build.0 = Release|Any CPU
	EndGlobalSection
	GlobalSection(SolutionProperties) = preSolution
		HideSolutionNode = FALSE
	EndGlobalSection
	GlobalSection(ExtensibilityGlobals) = postSolution
		SolutionGuid = {79A341FA-29EE-4421-83D6-90C70F42AE8E}
	EndGlobalSection
EndGlobal
